// !$*UTF8*$!
{
	archiveVersion = 1;
	classes = {
	};
	objectVersion = 50;
	objects = {

/* Begin PBXBuildFile section */
		282DD7F5232C069F009BBC58 /* AppDelegate.swift in Sources */ = {isa = PBXBuildFile; fileRef = 282DD7F4232C069F009BBC58 /* AppDelegate.swift */; };
		282DD7F7232C069F009BBC58 /* ViewController.swift in Sources */ = {isa = PBXBuildFile; fileRef = 282DD7F6232C069F009BBC58 /* ViewController.swift */; };
		282DD7FC232C06A0009BBC58 /* Assets.xcassets in Resources */ = {isa = PBXBuildFile; fileRef = 282DD7FB232C06A0009BBC58 /* Assets.xcassets */; };
		282DD7FF232C06A0009BBC58 /* LaunchScreen.storyboard in Resources */ = {isa = PBXBuildFile; fileRef = 282DD7FD232C06A0009BBC58 /* LaunchScreen.storyboard */; };
		282DD807232C06E5009BBC58 /* lineups.json in Resources */ = {isa = PBXBuildFile; fileRef = 282DD806232C06E5009BBC58 /* lineups.json */; };
		282DD809232C06EF009BBC58 /* Lineups.swift in Sources */ = {isa = PBXBuildFile; fileRef = 282DD808232C06EF009BBC58 /* Lineups.swift */; };
/* End PBXBuildFile section */

/* Begin PBXFileReference section */
		282DD7F1232C069F009BBC58 /* FootballLineups.app */ = {isa = PBXFileReference; explicitFileType = wrapper.application; includeInIndex = 0; path = FootballLineups.app; sourceTree = BUILT_PRODUCTS_DIR; };
		282DD7F4232C069F009BBC58 /* AppDelegate.swift */ = {isa = PBXFileReference; lastKnownFileType = sourcecode.swift; path = AppDelegate.swift; sourceTree = "<group>"; };
		282DD7F6232C069F009BBC58 /* ViewController.swift */ = {isa = PBXFileReference; lastKnownFileType = sourcecode.swift; path = ViewController.swift; sourceTree = "<group>"; };
		282DD7FB232C06A0009BBC58 /* Assets.xcassets */ = {isa = PBXFileReference; lastKnownFileType = folder.assetcatalog; path = Assets.xcassets; sourceTree = "<group>"; };
		282DD7FE232C06A0009BBC58 /* Base */ = {isa = PBXFileReference; lastKnownFileType = file.storyboard; name = Base; path = Base.lproj/LaunchScreen.storyboard; sourceTree = "<group>"; };
		282DD800232C06A0009BBC58 /* Info.plist */ = {isa = PBXFileReference; lastKnownFileType = text.plist.xml; path = Info.plist; sourceTree = "<group>"; };
		282DD806232C06E5009BBC58 /* lineups.json */ = {isa = PBXFileReference; fileEncoding = 4; lastKnownFileType = text.json; path = lineups.json; sourceTree = "<group>"; };
		282DD808232C06EF009BBC58 /* Lineups.swift */ = {isa = PBXFileReference; lastKnownFileType = sourcecode.swift; path = Lineups.swift; sourceTree = "<group>"; };
/* End PBXFileReference section */

/* Begin PBXFrameworksBuildPhase section */
		282DD7EE232C069F009BBC58 /* Frameworks */ = {
			isa = PBXFrameworksBuildPhase;
			buildActionMask = 2147483647;
			files = (
			);
			runOnlyForDeploymentPostprocessing = 0;
		};
/* End PBXFrameworksBuildPhase section */

/* Begin PBXGroup section */
		282DD7E8232C069F009BBC58 = {
			isa = PBXGroup;
			children = (
				282DD7F3232C069F009BBC58 /* FootballLineups */,
				282DD7F2232C069F009BBC58 /* Products */,
			);
			sourceTree = "<group>";
		};
		282DD7F2232C069F009BBC58 /* Products */ = {
			isa = PBXGroup;
			children = (
				282DD7F1232C069F009BBC58 /* FootballLineups.app */,
			);
			name = Products;
			sourceTree = "<group>";
		};
		282DD7F3232C069F009BBC58 /* FootballLineups */ = {
			isa = PBXGroup;
			children = (
				282DD7F4232C069F009BBC58 /* AppDelegate.swift */,
				282DD7F6232C069F009BBC58 /* ViewController.swift */,
				282DD806232C06E5009BBC58 /* lineups.json */,
				282DD7FB232C06A0009BBC58 /* Assets.xcassets */,
				282DD7FD232C06A0009BBC58 /* LaunchScreen.storyboard */,
				282DD800232C06A0009BBC58 /* Info.plist */,
				282DD808232C06EF009BBC58 /* Lineups.swift */,
			);
			path = FootballLineups;
			sourceTree = "<group>";
		};
/* End PBXGroup section */

/* Begin PBXNativeTarget section */
		282DD7F0232C069F009BBC58 /* FootballLineups */ = {
			isa = PBXNativeTarget;
			buildConfigurationList = 282DD803232C06A0009BBC58 /* Build configuration list for PBXNativeTarget "FootballLineups" */;
			buildPhases = (
				282DD7ED232C069F009BBC58 /* Sources */,
				282DD7EE232C069F009BBC58 /* Frameworks */,
				282DD7EF232C069F009BBC58 /* Resources */,
			);
			buildRules = (
			);
			dependencies = (
			);
			name = FootballLineups;
			productName = FootballLineups;
			productReference = 282DD7F1232C069F009BBC58 /* FootballLineups.app */;
			productType = "com.apple.product-type.application";
		};
/* End PBXNativeTarget section */

/* Begin PBXProject section */
		282DD7E9232C069F009BBC58 /* Project object */ = {
			isa = PBXProject;
			attributes = {
				LastSwiftUpdateCheck = 1020;
				LastUpgradeCheck = 1020;
				ORGANIZATIONNAME = "Ahmed Khalaf";
				TargetAttributes = {
					282DD7F0232C069F009BBC58 = {
						CreatedOnToolsVersion = 10.2.1;
					};
				};
			};
			buildConfigurationList = 282DD7EC232C069F009BBC58 /* Build configuration list for PBXProject "FootballLineups" */;
			compatibilityVersion = "Xcode 9.3";
			developmentRegion = en;
			hasScannedForEncodings = 0;
			knownRegions = (
				en,
				Base,
			);
			mainGroup = 282DD7E8232C069F009BBC58;
			productRefGroup = 282DD7F2232C069F009BBC58 /* Products */;
			projectDirPath = "";
			projectRoot = "";
			targets = (
				282DD7F0232C069F009BBC58 /* FootballLineups */,
			);
		};
/* End PBXProject section */

/* Begin PBXResourcesBuildPhase section */
		282DD7EF232C069F009BBC58 /* Resources */ = {
			isa = PBXResourcesBuildPhase;
			buildActionMask = 2147483647;
			files = (
				282DD807232C06E5009BBC58 /* lineups.json in Resources */,
				282DD7FF232C06A0009BBC58 /* LaunchScreen.storyboard in Resources */,
				282DD7FC232C06A0009BBC58 /* Assets.xcassets in Resources */,
			);
			runOnlyForDeploymentPostprocessing = 0;
		};
/* End PBXResourcesBuildPhase section */

/* Begin PBXSourcesBuildPhase section */
		282DD7ED232C069F009BBC58 /* Sources */ = {
			isa = PBXSourcesBuildPhase;
			buildActionMask = 2147483647;
			files = (
				282DD809232C06EF009BBC58 /* Lineups.swift in Sources */,
				282DD7F7232C069F009BBC58 /* ViewController.swift in Sources */,
				282DD7F5232C069F009BBC58 /* AppDelegate.swift in Sources */,
			);
			runOnlyForDeploymentPostprocessing = 0;
		};
/* End PBXSourcesBuildPhase section */

/* Begin PBXVariantGroup section */
		282DD7FD232C06A0009BBC58 /* LaunchScreen.storyboard */ = {
			isa = PBXVariantGroup;
			children = (
				282DD7FE232C06A0009BBC58 /* Base */,
			);
			name = LaunchScreen.storyboard;
			sourceTree = "<group>";
		};
/* End PBXVariantGroup section */

/* Begin XCBuildConfiguration section */
		282DD801232C06A0009BBC58 /* Debug */ = {
			isa = XCBuildConfiguration;
			buildSettings = {
				ALWAYS_SEARCH_USER_PATHS = NO;
				CLANG_ANALYZER_NONNULL = YES;
				CLANG_ANALYZER_NUMBER_OBJECT_CONVERSION = YES_AGGRESSIVE;
				CLANG_CXX_LANGUAGE_STANDARD = "gnu++14";
				CLANG_CXX_LIBRARY = "libc++";
				CLANG_ENABLE_MODULES = YES;
				CLANG_ENABLE_OBJC_ARC = YES;
				CLANG_ENABLE_OBJC_WEAK = YES;
				CLANG_WARN_BLOCK_CAPTURE_AUTORELEASING = YES;
				CLANG_WARN_BOOL_CONVERSION = YES;
				CLANG_WARN_COMMA = YES;
				CLANG_WARN_CONSTANT_CONVERSION = YES;
				CLANG_WARN_DEPRECATED_OBJC_IMPLEMENTATIONS = YES;
				CLANG_WARN_DIRECT_OBJC_ISA_USAGE = YES_ERROR;
				CLANG_WARN_DOCUMENTATION_COMMENTS = YES;
				CLANG_WARN_EMPTY_BODY = YES;
				CLANG_WARN_ENUM_CONVERSION = YES;
				CLANG_WARN_INFINITE_RECURSION = YES;
				CLANG_WARN_INT_CONVERSION = YES;
				CLANG_WARN_NON_LITERAL_NULL_CONVERSION = YES;
				CLANG_WARN_OBJC_IMPLICIT_RETAIN_SELF = YES;
				CLANG_WARN_OBJC_LITERAL_CONVERSION = YES;
				CLANG_WARN_OBJC_ROOT_CLASS = YES_ERROR;
				CLANG_WARN_RANGE_LOOP_ANALYSIS = YES;
				CLANG_WARN_STRICT_PROTOTYPES = YES;
				CLANG_WARN_SUSPICIOUS_MOVE = YES;
				CLANG_WARN_UNGUARDED_AVAILABILITY = YES_AGGRESSIVE;
				CLANG_WARN_UNREACHABLE_CODE = YES;
				CLANG_WARN__DUPLICATE_METHOD_MATCH = YES;
				CODE_SIGN_IDENTITY = "iPhone Developer";
				COPY_PHASE_STRIP = NO;
				DEBUG_INFORMATION_FORMAT = dwarf;
				ENABLE_STRICT_OBJC_MSGSEND = YES;
				ENABLE_TESTABILITY = YES;
				GCC_C_LANGUAGE_STANDARD = gnu11;
				GCC_DYNAMIC_NO_PIC = NO;
				GCC_NO_COMMON_BLOCKS = YES;
				GCC_OPTIMIZATION_LEVEL = 0;
				GCC_PREPROCESSOR_DEFINITIONS = (
					"DEBUG=1",
					"$(inherited)",
				);
				GCC_WARN_64_TO_32_BIT_CONVERSION = YES;
				GCC_WARN_ABOUT_RETURN_TYPE = YES_ERROR;
				GCC_WARN_UNDECLARED_SELECTOR = YES;
				GCC_WARN_UNINITIALIZED_AUTOS = YES_AGGRESSIVE;
				GCC_WARN_UNUSED_FUNCTION = YES;
				GCC_WARN_UNUSED_VARIABLE = YES;
				IPHONEOS_DEPLOYMENT_TARGET = 12.2;
				MTL_ENABLE_DEBUG_INFO = INCLUDE_SOURCE;
				MTL_FAST_MATH = YES;
				ONLY_ACTIVE_ARCH = YES;
				SDKROOT = iphoneos;
				SWIFT_ACTIVE_COMPILATION_CONDITIONS = DEBUG;
				SWIFT_OPTIMIZATION_LEVEL = "-Onone";
			};
			name = Debug;
		};
		282DD802232C06A0009BBC58 /* Release */ = {
			isa = XCBuildConfiguration;
			buildSettings = {
				ALWAYS_SEARCH_USER_PATHS = NO;
				CLANG_ANALYZER_NONNULL = YES;
				CLANG_ANALYZER_NUMBER_OBJECT_CONVERSION = YES_AGGRESSIVE;
				CLANG_CXX_LANGUAGE_STANDARD = "gnu++14";
				CLANG_CXX_LIBRARY = "libc++";
				CLANG_ENABLE_MODULES = YES;
				CLANG_ENABLE_OBJC_ARC = YES;
				CLANG_ENABLE_OBJC_WEAK = YES;
				CLANG_WARN_BLOCK_CAPTURE_AUTORELEASING = YES;
				CLANG_WARN_BOOL_CONVERSION = YES;
				CLANG_WARN_COMMA = YES;
				CLANG_WARN_CONSTANT_CONVERSION = YES;
				CLANG_WARN_DEPRECATED_OBJC_IMPLEMENTATIONS = YES;
				CLANG_WARN_DIRECT_OBJC_ISA_USAGE = YES_ERROR;
				CLANG_WARN_DOCUMENTATION_COMMENTS = YES;
				CLANG_WARN_EMPTY_BODY = YES;
				CLANG_WARN_ENUM_CONVERSION = YES;
				CLANG_WARN_INFINITE_RECURSION = YES;
				CLANG_WARN_INT_CONVERSION = YES;
				CLANG_WARN_NON_LITERAL_NULL_CONVERSION = YES;
				CLANG_WARN_OBJC_IMPLICIT_RETAIN_SELF = YES;
				CLANG_WARN_OBJC_LITERAL_CONVERSION = YES;
				CLANG_WARN_OBJC_ROOT_CLASS = YES_ERROR;
				CLANG_WARN_RANGE_LOOP_ANALYSIS = YES;
				CLANG_WARN_STRICT_PROTOTYPES = YES;
				CLANG_WARN_SUSPICIOUS_MOVE = YES;
				CLANG_WARN_UNGUARDED_AVAILABILITY = YES_AGGRESSIVE;
				CLANG_WARN_UNREACHABLE_CODE = YES;
				CLANG_WARN__DUPLICATE_METHOD_MATCH = YES;
				CODE_SIGN_IDENTITY = "iPhone Developer";
				COPY_PHASE_STRIP = NO;
				DEBUG_INFORMATION_FORMAT = "dwarf-with-dsym";
				ENABLE_NS_ASSERTIONS = NO;
				ENABLE_STRICT_OBJC_MSGSEND = YES;
				GCC_C_LANGUAGE_STANDARD = gnu11;
				GCC_NO_COMMON_BLOCKS = YES;
				GCC_WARN_64_TO_32_BIT_CONVERSION = YES;
				GCC_WARN_ABOUT_RETURN_TYPE = YES_ERROR;
				GCC_WARN_UNDECLARED_SELECTOR = YES;
				GCC_WARN_UNINITIALIZED_AUTOS = YES_AGGRESSIVE;
				GCC_WARN_UNUSED_FUNCTION = YES;
				GCC_WARN_UNUSED_VARIABLE = YES;
				IPHONEOS_DEPLOYMENT_TARGET = 12.2;
				MTL_ENABLE_DEBUG_INFO = NO;
				MTL_FAST_MATH = YES;
				SDKROOT = iphoneos;
				SWIFT_COMPILATION_MODE = wholemodule;
				SWIFT_OPTIMIZATION_LEVEL = "-O";
				VALIDATE_PRODUCT = YES;
			};
			name = Release;
		};
		282DD804232C06A0009BBC58 /* Debug */ = {
			isa = XCBuildConfiguration;
			buildSettings = {
				ASSETCATALOG_COMPILER_APPICON_NAME = AppIcon;
				CODE_SIGN_STYLE = Automatic;
				INFOPLIST_FILE = FootballLineups/Info.plist;
				LD_RUNPATH_SEARCH_PATHS = (
					"$(inherited)",
					"@executable_path/Frameworks",
				);
				PRODUCT_BUNDLE_IDENTIFIER = AK.FootballLineups;
				PRODUCT_NAME = "$(TARGET_NAME)";
				SWIFT_VERSION = 5.0;
				TARGETED_DEVICE_FAMILY = "1,2";
			};
			name = Debug;
		};
		282DD805232C06A0009BBC58 /* Release */ = {
			isa = XCBuildConfiguration;
			buildSettings = {
				ASSETCATALOG_COMPILER_APPICON_NAME = AppIcon;
				CODE_SIGN_STYLE = Automatic;
				INFOPLIST_FILE = FootballLineups/Info.plist;
				LD_RUNPATH_SEARCH_PATHS = (
					"$(inherited)",
					"@executable_path/Frameworks",
				);
				PRODUCT_BUNDLE_IDENTIFIER = AK.FootballLineups;
				PRODUCT_NAME = "$(TARGET_NAME)";
				SWIFT_VERSION = 5.0;
				TARGETED_DEVICE_FAMILY = "1,2";
			};
			name = Release;
		};
/* End XCBuildConfiguration section */

/* Begin XCConfigurationList section */
		282DD7EC232C069F009BBC58 /* Build configuration list for PBXProject "FootballLineups" */ = {
			isa = XCConfigurationList;
			buildConfigurations = (
				282DD801232C06A0009BBC58 /* Debug */,
				282DD802232C06A0009BBC58 /* Release */,
			);
			defaultConfigurationIsVisible = 0;
			defaultConfigurationName = Release;
		};
		282DD803232C06A0009BBC58 /* Build configuration list for PBXNativeTarget "FootballLineups" */ = {
			isa = XCConfigurationList;
			buildConfigurations = (
				282DD804232C06A0009BBC58 /* Debug */,
				282DD805232C06A0009BBC58 /* Release */,
			);
			defaultConfigurationIsVisible = 0;
			defaultConfigurationName = Release;
		};
/* End XCConfigurationList section */
	};
	rootObject = 282DD7E9232C069F009BBC58 /* Project object */;
}
